
Microsoft Visual Studio Solution File, Format Version 12.00
# Visual Studio 15
VisualStudioVersion = 15.0.27703.2047
MinimumVisualStudioVersion = 10.0.40219.1
Project("{FAE04EC0-301F-11D3-BF4B-00C04F79EFBC}") = "EasierWorship.Bible.Data", "EasierWorship.Bible.Data\EasierWorship.Bible.Data.csproj", "{5E6943F9-E288-47B2-8C09-D71C3FCDE51A}"
EndProject
Project("{FAE04EC0-301F-11D3-BF4B-00C04F79EFBC}") = "EasierWorship.Bible.Test", "EasierWorship.Bible.Test\EasierWorship.Bible.Test.csproj", "{EAAEA425-8593-402A-98D9-F17EE8785698}"
EndProject
Global
	GlobalSection(SolutionConfigurationPlatforms) = preSolution
		Debug|Any CPU = Debug|Any CPU
		Release|Any CPU = Release|Any CPU
	EndGlobalSection
	GlobalSection(ProjectConfigurationPlatforms) = postSolution
		{5E6943F9-E288-47B2-8C09-D71C3FCDE51A}.Debug|Any CPU.ActiveCfg = Debug|Any CPU
		{5E6943F9-E288-47B2-8C09-D71C3FCDE51A}.Debug|Any CPU.Build.0 = Debug|Any CPU
		{5E6943F9-E288-47B2-8C09-D71C3FCDE51A}.Release|Any CPU.ActiveCfg = Release|Any CPU
		{5E6943F9-E288-47B2-8C09-D71C3FCDE51A}.Release|Any CPU.Build.0 = Release|Any CPU
		{EAAEA425-8593-402A-98D9-F17EE8785698}.Debug|Any CPU.ActiveCfg = Debug|Any CPU
		{EAAEA425-8593-402A-98D9-F17EE8785698}.Debug|Any CPU.Build.0 = Debug|Any CPU
		{EAAEA425-8593-402A-98D9-F17EE8785698}.Release|Any CPU.ActiveCfg = Release|Any CPU
		{EAAEA425-8593-402A-98D9-F17EE8785698}.Release|Any CPU.Build.0 = Release|Any CPU
	EndGlobalSection
	GlobalSection(SolutionProperties) = preSolution
		HideSolutionNode = FALSE
	EndGlobalSection
	GlobalSection(ExtensibilityGlobals) = postSolution
		SolutionGuid = {BEF7D912-4680-40F3-B42F-A3C48EE2969E}
	EndGlobalSection
EndGlobal
